Microsoft Visual Studio Solution File, Format Version 12.00
# Visual Studio Version 17
VisualStudioVersion = 17.5.2.0
MinimumVisualStudioVersion = 10.0.40219.1
Project("{FAE04EC0-301F-11D3-BF4B-00C04F79EFBC}") = "01_class", "01_class\01_class.csproj", "{935546C7-720E-F907-81C0-542E60D25D60}"
EndProject
Project("{FAE04EC0-301F-11D3-BF4B-00C04F79EFBC}") = "05_encapsulation", "05_encapsulation\05_encapsulation.csproj", "{0EFE6A13-D1EC-3137-57E9-0C33A96F0B6F}"
EndProject
Project("{FAE04EC0-301F-11D3-BF4B-00C04F79EFBC}") = "03_hierarchical_inheritance", "03_hierarchical_inheritance\03_hierarchical_inheritance.csproj", "{91E583FC-1CC9-DEC0-1D9C-BC64EC5C08A6}"
EndProject
Project("{2150E333-8FDC-42A3-9474-1A3956D46DE8}") = "02_multiple_inheritance", "02_multiple_inheritance", "{2DB19C67-F138-4AA5-9AC1-8B351E32D9A2}"
EndProject
Project("{FAE04EC0-301F-11D3-BF4B-00C04F79EFBC}") = "04_multilevel_inheritance", "04_multilevel_inheritance\04_multilevel_inheritance.csproj", "{5762EFAC-4622-1E2C-9042-D9EFD1E8D27C}"
EndProject
Project("{FAE04EC0-301F-11D3-BF4B-00C04F79EFBC}") = "02_mutiple_inheritance", "02_multiple_inheritance\02_mutiple_inheritance.csproj", "{6D6EFA3F-6D44-19E9-3344-9BD239E02CBC}"
EndProject
Global
	GlobalSection(SolutionConfigurationPlatforms) = preSolution
		Debug|Any CPU = Debug|Any CPU
		Release|Any CPU = Release|Any CPU
	EndGlobalSection
	GlobalSection(ProjectConfigurationPlatforms) = postSolution
		{935546C7-720E-F907-81C0-542E60D25D60}.Debug|Any CPU.ActiveCfg = Debug|Any CPU
		{935546C7-720E-F907-81C0-542E60D25D60}.Debug|Any CPU.Build.0 = Debug|Any CPU
		{935546C7-720E-F907-81C0-542E60D25D60}.Release|Any CPU.ActiveCfg = Release|Any CPU
		{935546C7-720E-F907-81C0-542E60D25D60}.Release|Any CPU.Build.0 = Release|Any CPU
		{0EFE6A13-D1EC-3137-57E9-0C33A96F0B6F}.Debug|Any CPU.ActiveCfg = Debug|Any CPU
		{0EFE6A13-D1EC-3137-57E9-0C33A96F0B6F}.Debug|Any CPU.Build.0 = Debug|Any CPU
		{0EFE6A13-D1EC-3137-57E9-0C33A96F0B6F}.Release|Any CPU.ActiveCfg = Release|Any CPU
		{0EFE6A13-D1EC-3137-57E9-0C33A96F0B6F}.Release|Any CPU.Build.0 = Release|Any CPU
		{91E583FC-1CC9-DEC0-1D9C-BC64EC5C08A6}.Debug|Any CPU.ActiveCfg = Debug|Any CPU
		{91E583FC-1CC9-DEC0-1D9C-BC64EC5C08A6}.Debug|Any CPU.Build.0 = Debug|Any CPU
		{91E583FC-1CC9-DEC0-1D9C-BC64EC5C08A6}.Release|Any CPU.ActiveCfg = Release|Any CPU
		{91E583FC-1CC9-DEC0-1D9C-BC64EC5C08A6}.Release|Any CPU.Build.0 = Release|Any CPU
		{5762EFAC-4622-1E2C-9042-D9EFD1E8D27C}.Debug|Any CPU.ActiveCfg = Debug|Any CPU
		{5762EFAC-4622-1E2C-9042-D9EFD1E8D27C}.Debug|Any CPU.Build.0 = Debug|Any CPU
		{5762EFAC-4622-1E2C-9042-D9EFD1E8D27C}.Release|Any CPU.ActiveCfg = Release|Any CPU
		{5762EFAC-4622-1E2C-9042-D9EFD1E8D27C}.Release|Any CPU.Build.0 = Release|Any CPU
		{6D6EFA3F-6D44-19E9-3344-9BD239E02CBC}.Debug|Any CPU.ActiveCfg = Debug|Any CPU
		{6D6EFA3F-6D44-19E9-3344-9BD239E02CBC}.Debug|Any CPU.Build.0 = Debug|Any CPU
		{6D6EFA3F-6D44-19E9-3344-9BD239E02CBC}.Release|Any CPU.ActiveCfg = Release|Any CPU
		{6D6EFA3F-6D44-19E9-3344-9BD239E02CBC}.Release|Any CPU.Build.0 = Release|Any CPU
	EndGlobalSection
	GlobalSection(SolutionProperties) = preSolution
		HideSolutionNode = FALSE
	EndGlobalSection
	GlobalSection(NestedProjects) = preSolution
		{6D6EFA3F-6D44-19E9-3344-9BD239E02CBC} = {2DB19C67-F138-4AA5-9AC1-8B351E32D9A2}
	EndGlobalSection
	GlobalSection(ExtensibilityGlobals) = postSolution
		SolutionGuid = {A24BD2E8-1F36-4FC4-919B-8C5320B71B4A}
	EndGlobalSection
EndGlobal
